
Microsoft Visual Studio Solution File, Format Version 12.00
# Visual Studio 2012
Project("{FAE04EC0-301F-11D3-BF4B-00C04F79EFBC}") = "TicTacToe", "TicTacToe\TicTacToe.csproj", "{B184BAA1-4963-4BA0-9519-DE2AEE9C83D2}"
EndProject
Global
	GlobalSection(SolutionConfigurationPlatforms) = preSolution
		Debug|Any CPU = Debug|Any CPU
		Release|Any CPU = Release|Any CPU
	EndGlobalSection
	GlobalSection(ProjectConfigurationPlatforms) = postSolution
		{B184BAA1-4963-4BA0-9519-DE2AEE9C83D2}.Debug|Any CPU.ActiveCfg = Debug|Any CPU
		{B184BAA1-4963-4BA0-9519-DE2AEE9C83D2}.Debug|Any CPU.Build.0 = Debug|Any CPU
		{B184BAA1-4963-4BA0-9519-DE2AEE9C83D2}.Release|Any CPU.ActiveCfg = Release|Any CPU
		{B184BAA1-4963-4BA0-9519-DE2AEE9C83D2}.Release|Any CPU.Build.0 = Release|Any CPU
	EndGlobalSection
EndGlobal
